{
  "LuaSnip": { "branch": "master", "commit": "0abc8f390b278c3b4aabc4c004ac8a088b65cf24" },
  "alpha-nvim": { "branch": "main", "commit": "6c6a89d5b068b5251c8bdf0dd57bb921bcfeeb09" },
  "catppuccin": { "branch": "main", "commit": "8edd468af4d63212b84d69b2ddb5ffc9023ef5eb" },
  "cmp-nvim-lsp": { "branch": "main", "commit": "cbc7b02bb99fae35cb42f514762b89b5126651ef" },
  "codecompanion.nvim": { "branch": "main", "commit": "60d031862715a77b3655eac724e8926965e47b86" },
  "conform.nvim": { "branch": "master", "commit": "619363c30309d29ffa631e67c8183f2a72caa373" },
  "lsp-zero.nvim": { "branch": "v4.x", "commit": "d388e2b71834c826e61a3eba48caec53d7602510" },
  "lualine-macro-recording.nvim": { "branch": "main", "commit": "e2dcf63ba74e6111b53e1520a4f8a17a3d7427a1" },
  "lualine.nvim": { "branch": "master", "commit": "131a558e13f9f28b15cd235557150ccb23f89286" },
  "mini.ai": { "branch": "main", "commit": "bfb26d9072670c3aaefab0f53024b2f3729c8083" },
  "mini.icons": { "branch": "main", "commit": "520995f1d75da0e4cc901ee95080b1ff2bc46b94" },
  "mini.surround": { "branch": "main", "commit": "88c52297ed3e69ecf9f8652837888ecc727a28ee" },
  "neo-tree.nvim": { "branch": "v3.x", "commit": "ebd66767191714e008ce73b769518a763ff31bdc" },
  "neoconf.nvim": { "branch": "main", "commit": "b77377f04751357651bff37834056789110cce7e" },
  "noice.nvim": { "branch": "main", "commit": "7bfd942445fb63089b59f97ca487d605e715f155" },
  "nui.nvim": { "branch": "main", "commit": "de740991c12411b663994b2860f1a4fd0937c130" },
  "nvim-cmp": { "branch": "main", "commit": "a1d504892f2bc56c2e79b65c6faded2fd21f3eca" },
  "nvim-lspconfig": { "branch": "master", "commit": "6f76a3eeadc2ee235d74cd7d5319e95a261084af" },
  "nvim-neoclip.lua": { "branch": "main", "commit": "831a97c7697736411a05ff8b91e8798ea4c2d6fb" },
  "nvim-notify": { "branch": "master", "commit": "8701bece920b38ea289b457f902e2ad184131a5d" },
  "nvim-treesitter": { "branch": "main", "commit": "4916d6592ede8c07973490d9322f187e07dfefac" },
  "nvim-web-devicons": { "branch": "master", "commit": "dfbfaa967a6f7ec50789bead7ef87e336c1fa63c" },
  "plenary.nvim": { "branch": "master", "commit": "74b06c6c75e4eeb3108ec01852001636d85a932b" },
  "telescope-ui-select.nvim": { "branch": "master", "commit": "6e51d7da30bd139a6950adf2a47fda6df9fa06d2" },
  "telescope.nvim": { "branch": "master", "commit": "7d324792b7943e4aa16ad007212e6acc6f9fe335" },
  "themery.nvim": { "branch": "main", "commit": "bfa58f4b279d21cb515b28023e1b68ec908584b2" },
  "typescript-tools.nvim": { "branch": "master", "commit": "c2f5910074103705661e9651aa841e0d7eea9932" },
  "vim-tmux-navigator": { "branch": "master", "commit": "e41c431a0c7b7388ae7ba341f01a0d217eb3a432" },
  "vim-visual-multi": { "branch": "master", "commit": "a6975e7c1ee157615bbc80fc25e4392f71c344d4" }
}
