{
  "LuaSnip": { "branch": "master", "commit": "33b06d72d220aa56a7ce80a0dd6f06c70cd82b9d" },
  "alpha-nvim": { "branch": "main", "commit": "de72250e054e5e691b9736ee30db72c65d560771" },
  "catppuccin": { "branch": "main", "commit": "faf15ab0201b564b6368ffa47b56feefc92ce3f4" },
  "cmp-nvim-lsp": { "branch": "main", "commit": "39e2eda76828d88b773cc27a3f61d2ad782c922d" },
  "conform.nvim": { "branch": "master", "commit": "02fd64fb3d4b18ec029c0e0683c3dc3ec6d2c5b8" },
  "copilot.lua": { "branch": "master", "commit": "c810500b69cb8bcea58f2be635cb1340011714b5" },
  "lsp-zero.nvim": { "branch": "v4.x", "commit": "60a66bf6ffbafd0c9442737a3ef63942008b4654" },
  "lualine-macro-recording.nvim": { "branch": "main", "commit": "e2dcf63ba74e6111b53e1520a4f8a17a3d7427a1" },
  "lualine.nvim": { "branch": "master", "commit": "2a5bae925481f999263d6f5ed8361baef8df4f83" },
  "mini.ai": { "branch": "main", "commit": "40e380a589d07ec2c856940c6422aafe5d949a0d" },
  "mini.icons": { "branch": "main", "commit": "54686be7d58807906cb2c8c2216e0bf9c044f19a" },
  "mini.surround": { "branch": "main", "commit": "0e67c4bc147f2a15cee94e7c94dcc0e115b9f55e" },
  "neo-tree.nvim": { "branch": "v3.x", "commit": "a77af2e764c5ed4038d27d1c463fa49cd4794e07" },
  "neoconf.nvim": { "branch": "main", "commit": "d5ca361c77a7a5f58476f1d0aab43532c4bbb289" },
  "noice.nvim": { "branch": "main", "commit": "d5451b0d0e166e79aaabd79a04fc1cf185cc5b4d" },
  "nui.nvim": { "branch": "main", "commit": "b58e2bfda5cea347c9d58b7f11cf3012c7b3953f" },
  "nvim-cmp": { "branch": "main", "commit": "ca4d3330d386e76967e53b85953c170658255ecb" },
  "nvim-lspconfig": { "branch": "master", "commit": "2c007c79eedfca0ec652c50d571cb0c52d1577ba" },
  "nvim-lspimport": { "branch": "main", "commit": "9c1c61a5020faeb1863bb66eb4b2a9107e641876" },
  "nvim-neoclip.lua": { "branch": "main", "commit": "32e05f2d23dc5b6a284a688c0535a83d1bfc633f" },
  "nvim-notify": { "branch": "master", "commit": "fbef5d32be8466dd76544a257d3f3dce20082a07" },
  "nvim-treesitter": { "branch": "master", "commit": "046b8e936142ca7d0285c807201965ae4916bf01" },
  "nvim-web-devicons": { "branch": "master", "commit": "203da76ecfbb4b192cf830665b03eb651b635c94" },
  "plenary.nvim": { "branch": "master", "commit": "2d9b06177a975543726ce5c73fca176cedbffe9d" },
  "refactoring.nvim": { "branch": "master", "commit": "2db6d378e873de31d18ade549c2edba64ff1c2e3" },
  "telescope-ui-select.nvim": { "branch": "master", "commit": "6e51d7da30bd139a6950adf2a47fda6df9fa06d2" },
  "telescope.nvim": { "branch": "master", "commit": "a0bbec21143c7bc5f8bb02e0005fa0b982edc026" },
  "themery.nvim": { "branch": "main", "commit": "bfa58f4b279d21cb515b28023e1b68ec908584b2" },
  "typescript-tools.nvim": { "branch": "master", "commit": "35e397ce467bedbbbb5bfcd0aa79727b59a08d4a" },
  "vim-tmux-navigator": { "branch": "master", "commit": "424b5caa154bff34dc258ee53cec5a8e36cf7ea8" },
  "vim-visual-multi": { "branch": "master", "commit": "a6975e7c1ee157615bbc80fc25e4392f71c344d4" }
}
